
Microsoft Visual Studio Solution File, Format Version 12.00
# Visual Studio 15
VisualStudioVersion = 15.0.28307.645
MinimumVisualStudioVersion = 10.0.40219.1
Project("{FAE04EC0-301F-11D3-BF4B-00C04F79EFBC}") = "UnoDebug.UWP", "UnoDebug.UWP\UnoDebug.UWP.csproj", "{4C46F8A5-A6BD-45F0-A959-20850A31D236}"
EndProject
Project("{FAE04EC0-301F-11D3-BF4B-00C04F79EFBC}") = "UnoDebug.Droid", "UnoDebug.Droid\UnoDebug.Droid.csproj", "{A9CC7C01-C312-494F-84FE-3390425BB91F}"
EndProject
Project("{FAE04EC0-301F-11D3-BF4B-00C04F79EFBC}") = "UnoDebug.iOS", "UnoDebug.iOS\UnoDebug.iOS.csproj", "{CC8F7E66-6A02-4234-94BE-E41A5F763527}"
EndProject
Project("{D954291E-2A0B-460D-934E-DC6B0785DB48}") = "UnoDebug.Shared", "UnoDebug.Shared\UnoDebug.Shared.shproj", "{BBC34E54-CE08-486F-8E69-B04E5E48068D}"
EndProject
Project("{9A19103F-16F7-4668-BE54-9A1E7A4F7556}") = "UnoDebug.Wasm", "UnoDebug.Wasm\UnoDebug.Wasm.csproj", "{71D97C8C-7D02-420B-B197-DBDAA3EF8B80}"
EndProject
Global
	GlobalSection(SharedMSBuildProjectFiles) = preSolution
		UnoDebug.Shared\UnoDebug.Shared.projitems*{4c46f8a5-a6bd-45f0-a959-20850a31d236}*SharedItemsImports = 4
		UnoDebug.Shared\UnoDebug.Shared.projitems*{a9cc7c01-c312-494f-84fe-3390425bb91f}*SharedItemsImports = 4
		UnoDebug.Shared\UnoDebug.Shared.projitems*{bbc34e54-ce08-486f-8e69-b04e5e48068d}*SharedItemsImports = 13
		UnoDebug.Shared\UnoDebug.Shared.projitems*{cc8f7e66-6a02-4234-94be-e41a5f763527}*SharedItemsImports = 4
	EndGlobalSection
	GlobalSection(SolutionConfigurationPlatforms) = preSolution
		Ad-Hoc|Any CPU = Ad-Hoc|Any CPU
		Ad-Hoc|ARM = Ad-Hoc|ARM
		Ad-Hoc|iPhone = Ad-Hoc|iPhone
		Ad-Hoc|iPhoneSimulator = Ad-Hoc|iPhoneSimulator
		Ad-Hoc|x64 = Ad-Hoc|x64
		Ad-Hoc|x86 = Ad-Hoc|x86
		AppStore|Any CPU = AppStore|Any CPU
		AppStore|ARM = AppStore|ARM
		AppStore|iPhone = AppStore|iPhone
		AppStore|iPhoneSimulator = AppStore|iPhoneSimulator
		AppStore|x64 = AppStore|x64
		AppStore|x86 = AppStore|x86
		Debug|Any CPU = Debug|Any CPU
		Debug|ARM = Debug|ARM
		Debug|iPhone = Debug|iPhone
		Debug|iPhoneSimulator = Debug|iPhoneSimulator
		Debug|x64 = Debug|x64
		Debug|x86 = Debug|x86
		Release|Any CPU = Release|Any CPU
		Release|ARM = Release|ARM
		Release|iPhone = Release|iPhone
		Release|iPhoneSimulator = Release|iPhoneSimulator
		Release|x64 = Release|x64
		Release|x86 = Release|x86
	EndGlobalSection
	GlobalSection(ProjectConfigurationPlatforms) = postSolution
		{4C46F8A5-A6BD-45F0-A959-20850A31D236}.Ad-Hoc|Any CPU.ActiveCfg = Release|x64
		{4C46F8A5-A6BD-45F0-A959-20850A31D236}.Ad-Hoc|Any CPU.Build.0 = Release|x64
		{4C46F8A5-A6BD-45F0-A959-20850A31D236}.Ad-Hoc|Any CPU.Deploy.0 = Release|x64
		{4C46F8A5-A6BD-45F0-A959-20850A31D236}.Ad-Hoc|ARM.ActiveCfg = Release|ARM
		{4C46F8A5-A6BD-45F0-A959-20850A31D236}.Ad-Hoc|ARM.Build.0 = Release|ARM
		{4C46F8A5-A6BD-45F0-A959-20850A31D236}.Ad-Hoc|ARM.Deploy.0 = Release|ARM
		{4C46F8A5-A6BD-45F0-A959-20850A31D236}.Ad-Hoc|iPhone.ActiveCfg = Release|x64
		{4C46F8A5-A6BD-45F0-A959-20850A31D236}.Ad-Hoc|iPhone.Build.0 = Release|x64
		{4C46F8A5-A6BD-45F0-A959-20850A31D236}.Ad-Hoc|iPhone.Deploy.0 = Release|x64
		{4C46F8A5-A6BD-45F0-A959-20850A31D236}.Ad-Hoc|iPhoneSimulator.ActiveCfg = Release|x64
		{4C46F8A5-A6BD-45F0-A959-20850A31D236}.Ad-Hoc|iPhoneSimulator.Build.0 = Release|x64
		{4C46F8A5-A6BD-45F0-A959-20850A31D236}.Ad-Hoc|iPhoneSimulator.Deploy.0 = Release|x64
		{4C46F8A5-A6BD-45F0-A959-20850A31D236}.Ad-Hoc|x64.ActiveCfg = Release|x64
		{4C46F8A5-A6BD-45F0-A959-20850A31D236}.Ad-Hoc|x64.Build.0 = Release|x64
		{4C46F8A5-A6BD-45F0-A959-20850A31D236}.Ad-Hoc|x64.Deploy.0 = Release|x64
		{4C46F8A5-A6BD-45F0-A959-20850A31D236}.Ad-Hoc|x86.ActiveCfg = Release|x86
		{4C46F8A5-A6BD-45F0-A959-20850A31D236}.Ad-Hoc|x86.Build.0 = Release|x86
		{4C46F8A5-A6BD-45F0-A959-20850A31D236}.Ad-Hoc|x86.Deploy.0 = Release|x86
		{4C46F8A5-A6BD-45F0-A959-20850A31D236}.AppStore|Any CPU.ActiveCfg = Release|x64
		{4C46F8A5-A6BD-45F0-A959-20850A31D236}.AppStore|Any CPU.Build.0 = Release|x64
		{4C46F8A5-A6BD-45F0-A959-20850A31D236}.AppStore|Any CPU.Deploy.0 = Release|x64
		{4C46F8A5-A6BD-45F0-A959-20850A31D236}.AppStore|ARM.ActiveCfg = Release|ARM
		{4C46F8A5-A6BD-45F0-A959-20850A31D236}.AppStore|ARM.Build.0 = Release|ARM
		{4C46F8A5-A6BD-45F0-A959-20850A31D236}.AppStore|ARM.Deploy.0 = Release|ARM
		{4C46F8A5-A6BD-45F0-A959-20850A31D236}.AppStore|iPhone.ActiveCfg = Release|x64
		{4C46F8A5-A6BD-45F0-A959-20850A31D236}.AppStore|iPhone.Build.0 = Release|x64
		{4C46F8A5-A6BD-45F0-A959-20850A31D236}.AppStore|iPhone.Deploy.0 = Release|x64
		{4C46F8A5-A6BD-45F0-A959-20850A31D236}.AppStore|iPhoneSimulator.ActiveCfg = Release|x64
		{4C46F8A5-A6BD-45F0-A959-20850A31D236}.AppStore|iPhoneSimulator.Build.0 = Release|x64
		{4C46F8A5-A6BD-45F0-A959-20850A31D236}.AppStore|iPhoneSimulator.Deploy.0 = Release|x64
		{4C46F8A5-A6BD-45F0-A959-20850A31D236}.AppStore|x64.ActiveCfg = Release|x64
		{4C46F8A5-A6BD-45F0-A959-20850A31D236}.AppStore|x64.Build.0 = Release|x64
		{4C46F8A5-A6BD-45F0-A959-20850A31D236}.AppStore|x64.Deploy.0 = Release|x64
		{4C46F8A5-A6BD-45F0-A959-20850A31D236}.AppStore|x86.ActiveCfg = Release|x86
		{4C46F8A5-A6BD-45F0-A959-20850A31D236}.AppStore|x86.Build.0 = Release|x86
		{4C46F8A5-A6BD-45F0-A959-20850A31D236}.AppStore|x86.Deploy.0 = Release|x86
		{4C46F8A5-A6BD-45F0-A959-20850A31D236}.Debug|Any CPU.ActiveCfg = Debug|x86
		{4C46F8A5-A6BD-45F0-A959-20850A31D236}.Debug|ARM.ActiveCfg = Debug|ARM
		{4C46F8A5-A6BD-45F0-A959-20850A31D236}.Debug|ARM.Build.0 = Debug|ARM
		{4C46F8A5-A6BD-45F0-A959-20850A31D236}.Debug|ARM.Deploy.0 = Debug|ARM
		{4C46F8A5-A6BD-45F0-A959-20850A31D236}.Debug|iPhone.ActiveCfg = Debug|x86
		{4C46F8A5-A6BD-45F0-A959-20850A31D236}.Debug|iPhoneSimulator.ActiveCfg = Debug|x86
		{4C46F8A5-A6BD-45F0-A959-20850A31D236}.Debug|x64.ActiveCfg = Debug|x64
		{4C46F8A5-A6BD-45F0-A959-20850A31D236}.Debug|x64.Build.0 = Debug|x64
		{4C46F8A5-A6BD-45F0-A959-20850A31D236}.Debug|x64.Deploy.0 = Debug|x64
		{4C46F8A5-A6BD-45F0-A959-20850A31D236}.Debug|x86.ActiveCfg = Debug|x86
		{4C46F8A5-A6BD-45F0-A959-20850A31D236}.Debug|x86.Build.0 = Debug|x86
		{4C46F8A5-A6BD-45F0-A959-20850A31D236}.Debug|x86.Deploy.0 = Debug|x86
		{4C46F8A5-A6BD-45F0-A959-20850A31D236}.Release|Any CPU.ActiveCfg = Release|x86
		{4C46F8A5-A6BD-45F0-A959-20850A31D236}.Release|ARM.ActiveCfg = Release|ARM
		{4C46F8A5-A6BD-45F0-A959-20850A31D236}.Release|ARM.Build.0 = Release|ARM
		{4C46F8A5-A6BD-45F0-A959-20850A31D236}.Release|ARM.Deploy.0 = Release|ARM
		{4C46F8A5-A6BD-45F0-A959-20850A31D236}.Release|iPhone.ActiveCfg = Release|x86
		{4C46F8A5-A6BD-45F0-A959-20850A31D236}.Release|iPhoneSimulator.ActiveCfg = Release|x86
		{4C46F8A5-A6BD-45F0-A959-20850A31D236}.Release|x64.ActiveCfg = Release|x64
		{4C46F8A5-A6BD-45F0-A959-20850A31D236}.Release|x64.Build.0 = Release|x64
		{4C46F8A5-A6BD-45F0-A959-20850A31D236}.Release|x64.Deploy.0 = Release|x64
		{4C46F8A5-A6BD-45F0-A959-20850A31D236}.Release|x86.ActiveCfg = Release|x86
		{4C46F8A5-A6BD-45F0-A959-20850A31D236}.Release|x86.Build.0 = Release|x86
		{4C46F8A5-A6BD-45F0-A959-20850A31D236}.Release|x86.Deploy.0 = Release|x86
		{A9CC7C01-C312-494F-84FE-3390425BB91F}.Ad-Hoc|Any CPU.ActiveCfg = Release|Any CPU
		{A9CC7C01-C312-494F-84FE-3390425BB91F}.Ad-Hoc|Any CPU.Build.0 = Release|Any CPU
		{A9CC7C01-C312-494F-84FE-3390425BB91F}.Ad-Hoc|Any CPU.Deploy.0 = Release|Any CPU
		{A9CC7C01-C312-494F-84FE-3390425BB91F}.Ad-Hoc|ARM.ActiveCfg = Release|Any CPU
		{A9CC7C01-C312-494F-84FE-3390425BB91F}.Ad-Hoc|ARM.Build.0 = Release|Any CPU
		{A9CC7C01-C312-494F-84FE-3390425BB91F}.Ad-Hoc|ARM.Deploy.0 = Release|Any CPU
		{A9CC7C01-C312-494F-84FE-3390425BB91F}.Ad-Hoc|iPhone.ActiveCfg = Release|Any CPU
		{A9CC7C01-C312-494F-84FE-3390425BB91F}.Ad-Hoc|iPhone.Build.0 = Release|Any CPU
		{A9CC7C01-C312-494F-84FE-3390425BB91F}.Ad-Hoc|iPhone.Deploy.0 = Release|Any CPU
		{A9CC7C01-C312-494F-84FE-3390425BB91F}.Ad-Hoc|iPhoneSimulator.ActiveCfg = Release|Any CPU
		{A9CC7C01-C312-494F-84FE-3390425BB91F}.Ad-Hoc|iPhoneSimulator.Build.0 = Release|Any CPU
		{A9CC7C01-C312-494F-84FE-3390425BB91F}.Ad-Hoc|iPhoneSimulator.Deploy.0 = Release|Any CPU
		{A9CC7C01-C312-494F-84FE-3390425BB91F}.Ad-Hoc|x64.ActiveCfg = Release|Any CPU
		{A9CC7C01-C312-494F-84FE-3390425BB91F}.Ad-Hoc|x64.Build.0 = Release|Any CPU
		{A9CC7C01-C312-494F-84FE-3390425BB91F}.Ad-Hoc|x64.Deploy.0 = Release|Any CPU
		{A9CC7C01-C312-494F-84FE-3390425BB91F}.Ad-Hoc|x86.ActiveCfg = Release|Any CPU
		{A9CC7C01-C312-494F-84FE-3390425BB91F}.Ad-Hoc|x86.Build.0 = Release|Any CPU
		{A9CC7C01-C312-494F-84FE-3390425BB91F}.Ad-Hoc|x86.Deploy.0 = Release|Any CPU
		{A9CC7C01-C312-494F-84FE-3390425BB91F}.AppStore|Any CPU.ActiveCfg = Release|Any CPU
		{A9CC7C01-C312-494F-84FE-3390425BB91F}.AppStore|Any CPU.Build.0 = Release|Any CPU
		{A9CC7C01-C312-494F-84FE-3390425BB91F}.AppStore|Any CPU.Deploy.0 = Release|Any CPU
		{A9CC7C01-C312-494F-84FE-3390425BB91F}.AppStore|ARM.ActiveCfg = Release|Any CPU
		{A9CC7C01-C312-494F-84FE-3390425BB91F}.AppStore|ARM.Build.0 = Release|Any CPU
		{A9CC7C01-C312-494F-84FE-3390425BB91F}.AppStore|ARM.Deploy.0 = Release|Any CPU
		{A9CC7C01-C312-494F-84FE-3390425BB91F}.AppStore|iPhone.ActiveCfg = Release|Any CPU
		{A9CC7C01-C312-494F-84FE-3390425BB91F}.AppStore|iPhone.Build.0 = Release|Any CPU
		{A9CC7C01-C312-494F-84FE-3390425BB91F}.AppStore|iPhone.Deploy.0 = Release|Any CPU
		{A9CC7C01-C312-494F-84FE-3390425BB91F}.AppStore|iPhoneSimulator.ActiveCfg = Release|Any CPU
		{A9CC7C01-C312-494F-84FE-3390425BB91F}.AppStore|iPhoneSimulator.Build.0 = Release|Any CPU
		{A9CC7C01-C312-494F-84FE-3390425BB91F}.AppStore|iPhoneSimulator.Deploy.0 = Release|Any CPU
		{A9CC7C01-C312-494F-84FE-3390425BB91F}.AppStore|x64.ActiveCfg = Release|Any CPU
		{A9CC7C01-C312-494F-84FE-3390425BB91F}.AppStore|x64.Build.0 = Release|Any CPU
		{A9CC7C01-C312-494F-84FE-3390425BB91F}.AppStore|x64.Deploy.0 = Release|Any CPU
		{A9CC7C01-C312-494F-84FE-3390425BB91F}.AppStore|x86.ActiveCfg = Release|Any CPU
		{A9CC7C01-C312-494F-84FE-3390425BB91F}.AppStore|x86.Build.0 = Release|Any CPU
		{A9CC7C01-C312-494F-84FE-3390425BB91F}.AppStore|x86.Deploy.0 = Release|Any CPU
		{A9CC7C01-C312-494F-84FE-3390425BB91F}.Debug|Any CPU.ActiveCfg = Debug|Any CPU
		{A9CC7C01-C312-494F-84FE-3390425BB91F}.Debug|Any CPU.Build.0 = Debug|Any CPU
		{A9CC7C01-C312-494F-84FE-3390425BB91F}.Debug|Any CPU.Deploy.0 = Debug|Any CPU
		{A9CC7C01-C312-494F-84FE-3390425BB91F}.Debug|ARM.ActiveCfg = Debug|Any CPU
		{A9CC7C01-C312-494F-84FE-3390425BB91F}.Debug|ARM.Build.0 = Debug|Any CPU
		{A9CC7C01-C312-494F-84FE-3390425BB91F}.Debug|ARM.Deploy.0 = Debug|Any CPU
		{A9CC7C01-C312-494F-84FE-3390425BB91F}.Debug|iPhone.ActiveCfg = Debug|Any CPU
		{A9CC7C01-C312-494F-84FE-3390425BB91F}.Debug|iPhone.Build.0 = Debug|Any CPU
		{A9CC7C01-C312-494F-84FE-3390425BB91F}.Debug|iPhone.Deploy.0 = Debug|Any CPU
		{A9CC7C01-C312-494F-84FE-3390425BB91F}.Debug|iPhoneSimulator.ActiveCfg = Debug|Any CPU
		{A9CC7C01-C312-494F-84FE-3390425BB91F}.Debug|iPhoneSimulator.Build.0 = Debug|Any CPU
		{A9CC7C01-C312-494F-84FE-3390425BB91F}.Debug|iPhoneSimulator.Deploy.0 = Debug|Any CPU
		{A9CC7C01-C312-494F-84FE-3390425BB91F}.Debug|x64.ActiveCfg = Debug|Any CPU
		{A9CC7C01-C312-494F-84FE-3390425BB91F}.Debug|x64.Build.0 = Debug|Any CPU
		{A9CC7C01-C312-494F-84FE-3390425BB91F}.Debug|x64.Deploy.0 = Debug|Any CPU
		{A9CC7C01-C312-494F-84FE-3390425BB91F}.Debug|x86.ActiveCfg = Debug|Any CPU
		{A9CC7C01-C312-494F-84FE-3390425BB91F}.Debug|x86.Build.0 = Debug|Any CPU
		{A9CC7C01-C312-494F-84FE-3390425BB91F}.Debug|x86.Deploy.0 = Debug|Any CPU
		{A9CC7C01-C312-494F-84FE-3390425BB91F}.Release|Any CPU.ActiveCfg = Release|Any CPU
		{A9CC7C01-C312-494F-84FE-3390425BB91F}.Release|Any CPU.Build.0 = Release|Any CPU
		{A9CC7C01-C312-494F-84FE-3390425BB91F}.Release|Any CPU.Deploy.0 = Release|Any CPU
		{A9CC7C01-C312-494F-84FE-3390425BB91F}.Release|ARM.ActiveCfg = Release|Any CPU
		{A9CC7C01-C312-494F-84FE-3390425BB91F}.Release|ARM.Build.0 = Release|Any CPU
		{A9CC7C01-C312-494F-84FE-3390425BB91F}.Release|ARM.Deploy.0 = Release|Any CPU
		{A9CC7C01-C312-494F-84FE-3390425BB91F}.Release|iPhone.ActiveCfg = Release|Any CPU
		{A9CC7C01-C312-494F-84FE-3390425BB91F}.Release|iPhone.Build.0 = Release|Any CPU
		{A9CC7C01-C312-494F-84FE-3390425BB91F}.Release|iPhone.Deploy.0 = Release|Any CPU
		{A9CC7C01-C312-494F-84FE-3390425BB91F}.Release|iPhoneSimulator.ActiveCfg = Release|Any CPU
		{A9CC7C01-C312-494F-84FE-3390425BB91F}.Release|iPhoneSimulator.Build.0 = Release|Any CPU
		{A9CC7C01-C312-494F-84FE-3390425BB91F}.Release|iPhoneSimulator.Deploy.0 = Release|Any CPU
		{A9CC7C01-C312-494F-84FE-3390425BB91F}.Release|x64.ActiveCfg = Release|Any CPU
		{A9CC7C01-C312-494F-84FE-3390425BB91F}.Release|x64.Build.0 = Release|Any CPU
		{A9CC7C01-C312-494F-84FE-3390425BB91F}.Release|x64.Deploy.0 = Release|Any CPU
		{A9CC7C01-C312-494F-84FE-3390425BB91F}.Release|x86.ActiveCfg = Release|Any CPU
		{A9CC7C01-C312-494F-84FE-3390425BB91F}.Release|x86.Build.0 = Release|Any CPU
		{A9CC7C01-C312-494F-84FE-3390425BB91F}.Release|x86.Deploy.0 = Release|Any CPU
		{CC8F7E66-6A02-4234-94BE-E41A5F763527}.Ad-Hoc|Any CPU.ActiveCfg = Ad-Hoc|iPhone
		{CC8F7E66-6A02-4234-94BE-E41A5F763527}.Ad-Hoc|ARM.ActiveCfg = Ad-Hoc|iPhone
		{CC8F7E66-6A02-4234-94BE-E41A5F763527}.Ad-Hoc|iPhone.ActiveCfg = Ad-Hoc|iPhone
		{CC8F7E66-6A02-4234-94BE-E41A5F763527}.Ad-Hoc|iPhone.Build.0 = Ad-Hoc|iPhone
		{CC8F7E66-6A02-4234-94BE-E41A5F763527}.Ad-Hoc|iPhoneSimulator.ActiveCfg = Ad-Hoc|iPhoneSimulator
		{CC8F7E66-6A02-4234-94BE-E41A5F763527}.Ad-Hoc|iPhoneSimulator.Build.0 = Ad-Hoc|iPhoneSimulator
		{CC8F7E66-6A02-4234-94BE-E41A5F763527}.Ad-Hoc|x64.ActiveCfg = Ad-Hoc|iPhone
		{CC8F7E66-6A02-4234-94BE-E41A5F763527}.Ad-Hoc|x86.ActiveCfg = Ad-Hoc|iPhone
		{CC8F7E66-6A02-4234-94BE-E41A5F763527}.AppStore|Any CPU.ActiveCfg = AppStore|iPhone
		{CC8F7E66-6A02-4234-94BE-E41A5F763527}.AppStore|ARM.ActiveCfg = AppStore|iPhone
		{CC8F7E66-6A02-4234-94BE-E41A5F763527}.AppStore|iPhone.ActiveCfg = AppStore|iPhone
		{CC8F7E66-6A02-4234-94BE-E41A5F763527}.AppStore|iPhone.Build.0 = AppStore|iPhone
		{CC8F7E66-6A02-4234-94BE-E41A5F763527}.AppStore|iPhoneSimulator.ActiveCfg = AppStore|iPhoneSimulator
		{CC8F7E66-6A02-4234-94BE-E41A5F763527}.AppStore|iPhoneSimulator.Build.0 = AppStore|iPhoneSimulator
		{CC8F7E66-6A02-4234-94BE-E41A5F763527}.AppStore|x64.ActiveCfg = AppStore|iPhone
		{CC8F7E66-6A02-4234-94BE-E41A5F763527}.AppStore|x86.ActiveCfg = AppStore|iPhone
		{CC8F7E66-6A02-4234-94BE-E41A5F763527}.Debug|Any CPU.ActiveCfg = Debug|iPhone
		{CC8F7E66-6A02-4234-94BE-E41A5F763527}.Debug|ARM.ActiveCfg = Debug|iPhone
		{CC8F7E66-6A02-4234-94BE-E41A5F763527}.Debug|iPhone.ActiveCfg = Debug|iPhone
		{CC8F7E66-6A02-4234-94BE-E41A5F763527}.Debug|iPhone.Build.0 = Debug|iPhone
		{CC8F7E66-6A02-4234-94BE-E41A5F763527}.Debug|iPhoneSimulator.ActiveCfg = Debug|iPhoneSimulator
		{CC8F7E66-6A02-4234-94BE-E41A5F763527}.Debug|iPhoneSimulator.Build.0 = Debug|iPhoneSimulator
		{CC8F7E66-6A02-4234-94BE-E41A5F763527}.Debug|x64.ActiveCfg = Debug|iPhone
		{CC8F7E66-6A02-4234-94BE-E41A5F763527}.Debug|x86.ActiveCfg = Debug|iPhone
		{CC8F7E66-6A02-4234-94BE-E41A5F763527}.Release|Any CPU.ActiveCfg = Release|iPhone
		{CC8F7E66-6A02-4234-94BE-E41A5F763527}.Release|ARM.ActiveCfg = Release|iPhone
		{CC8F7E66-6A02-4234-94BE-E41A5F763527}.Release|iPhone.ActiveCfg = Release|iPhone
		{CC8F7E66-6A02-4234-94BE-E41A5F763527}.Release|iPhone.Build.0 = Release|iPhone
		{CC8F7E66-6A02-4234-94BE-E41A5F763527}.Release|iPhoneSimulator.ActiveCfg = Release|iPhoneSimulator
		{CC8F7E66-6A02-4234-94BE-E41A5F763527}.Release|iPhoneSimulator.Build.0 = Release|iPhoneSimulator
		{CC8F7E66-6A02-4234-94BE-E41A5F763527}.Release|x64.ActiveCfg = Release|iPhone
		{CC8F7E66-6A02-4234-94BE-E41A5F763527}.Release|x86.ActiveCfg = Release|iPhone
		{71D97C8C-7D02-420B-B197-DBDAA3EF8B80}.Ad-Hoc|Any CPU.ActiveCfg = Debug|Any CPU
		{71D97C8C-7D02-420B-B197-DBDAA3EF8B80}.Ad-Hoc|Any CPU.Build.0 = Debug|Any CPU
		{71D97C8C-7D02-420B-B197-DBDAA3EF8B80}.Ad-Hoc|ARM.ActiveCfg = Debug|Any CPU
		{71D97C8C-7D02-420B-B197-DBDAA3EF8B80}.Ad-Hoc|ARM.Build.0 = Debug|Any CPU
		{71D97C8C-7D02-420B-B197-DBDAA3EF8B80}.Ad-Hoc|iPhone.ActiveCfg = Debug|Any CPU
		{71D97C8C-7D02-420B-B197-DBDAA3EF8B80}.Ad-Hoc|iPhone.Build.0 = Debug|Any CPU
		{71D97C8C-7D02-420B-B197-DBDAA3EF8B80}.Ad-Hoc|iPhoneSimulator.ActiveCfg = Debug|Any CPU
		{71D97C8C-7D02-420B-B197-DBDAA3EF8B80}.Ad-Hoc|iPhoneSimulator.Build.0 = Debug|Any CPU
		{71D97C8C-7D02-420B-B197-DBDAA3EF8B80}.Ad-Hoc|x64.ActiveCfg = Debug|Any CPU
		{71D97C8C-7D02-420B-B197-DBDAA3EF8B80}.Ad-Hoc|x64.Build.0 = Debug|Any CPU
		{71D97C8C-7D02-420B-B197-DBDAA3EF8B80}.Ad-Hoc|x86.ActiveCfg = Debug|Any CPU
		{71D97C8C-7D02-420B-B197-DBDAA3EF8B80}.Ad-Hoc|x86.Build.0 = Debug|Any CPU
		{71D97C8C-7D02-420B-B197-DBDAA3EF8B80}.AppStore|Any CPU.ActiveCfg = Debug|Any CPU
		{71D97C8C-7D02-420B-B197-DBDAA3EF8B80}.AppStore|Any CPU.Build.0 = Debug|Any CPU
		{71D97C8C-7D02-420B-B197-DBDAA3EF8B80}.AppStore|ARM.ActiveCfg = Debug|Any CPU
		{71D97C8C-7D02-420B-B197-DBDAA3EF8B80}.AppStore|ARM.Build.0 = Debug|Any CPU
		{71D97C8C-7D02-420B-B197-DBDAA3EF8B80}.AppStore|iPhone.ActiveCfg = Debug|Any CPU
		{71D97C8C-7D02-420B-B197-DBDAA3EF8B80}.AppStore|iPhone.Build.0 = Debug|Any CPU
		{71D97C8C-7D02-420B-B197-DBDAA3EF8B80}.AppStore|iPhoneSimulator.ActiveCfg = Debug|Any CPU
		{71D97C8C-7D02-420B-B197-DBDAA3EF8B80}.AppStore|iPhoneSimulator.Build.0 = Debug|Any CPU
		{71D97C8C-7D02-420B-B197-DBDAA3EF8B80}.AppStore|x64.ActiveCfg = Debug|Any CPU
		{71D97C8C-7D02-420B-B197-DBDAA3EF8B80}.AppStore|x64.Build.0 = Debug|Any CPU
		{71D97C8C-7D02-420B-B197-DBDAA3EF8B80}.AppStore|x86.ActiveCfg = Debug|Any CPU
		{71D97C8C-7D02-420B-B197-DBDAA3EF8B80}.AppStore|x86.Build.0 = Debug|Any CPU
		{71D97C8C-7D02-420B-B197-DBDAA3EF8B80}.Debug|Any CPU.ActiveCfg = Debug|Any CPU
		{71D97C8C-7D02-420B-B197-DBDAA3EF8B80}.Debug|Any CPU.Build.0 = Debug|Any CPU
		{71D97C8C-7D02-420B-B197-DBDAA3EF8B80}.Debug|ARM.ActiveCfg = Debug|Any CPU
		{71D97C8C-7D02-420B-B197-DBDAA3EF8B80}.Debug|ARM.Build.0 = Debug|Any CPU
		{71D97C8C-7D02-420B-B197-DBDAA3EF8B80}.Debug|iPhone.ActiveCfg = Debug|Any CPU
		{71D97C8C-7D02-420B-B197-DBDAA3EF8B80}.Debug|iPhone.Build.0 = Debug|Any CPU
		{71D97C8C-7D02-420B-B197-DBDAA3EF8B80}.Debug|iPhoneSimulator.ActiveCfg = Debug|Any CPU
		{71D97C8C-7D02-420B-B197-DBDAA3EF8B80}.Debug|iPhoneSimulator.Build.0 = Debug|Any CPU
		{71D97C8C-7D02-420B-B197-DBDAA3EF8B80}.Debug|x64.ActiveCfg = Debug|Any CPU
		{71D97C8C-7D02-420B-B197-DBDAA3EF8B80}.Debug|x64.Build.0 = Debug|Any CPU
		{71D97C8C-7D02-420B-B197-DBDAA3EF8B80}.Debug|x86.ActiveCfg = Debug|Any CPU
		{71D97C8C-7D02-420B-B197-DBDAA3EF8B80}.Debug|x86.Build.0 = Debug|Any CPU
		{71D97C8C-7D02-420B-B197-DBDAA3EF8B80}.Release|Any CPU.ActiveCfg = Release|Any CPU
		{71D97C8C-7D02-420B-B197-DBDAA3EF8B80}.Release|Any CPU.Build.0 = Release|Any CPU
		{71D97C8C-7D02-420B-B197-DBDAA3EF8B80}.Release|ARM.ActiveCfg = Release|Any CPU
		{71D97C8C-7D02-420B-B197-DBDAA3EF8B80}.Release|ARM.Build.0 = Release|Any CPU
		{71D97C8C-7D02-420B-B197-DBDAA3EF8B80}.Release|iPhone.ActiveCfg = Release|Any CPU
		{71D97C8C-7D02-420B-B197-DBDAA3EF8B80}.Release|iPhone.Build.0 = Release|Any CPU
		{71D97C8C-7D02-420B-B197-DBDAA3EF8B80}.Release|iPhoneSimulator.ActiveCfg = Release|Any CPU
		{71D97C8C-7D02-420B-B197-DBDAA3EF8B80}.Release|iPhoneSimulator.Build.0 = Release|Any CPU
		{71D97C8C-7D02-420B-B197-DBDAA3EF8B80}.Release|x64.ActiveCfg = Release|Any CPU
		{71D97C8C-7D02-420B-B197-DBDAA3EF8B80}.Release|x64.Build.0 = Release|Any CPU
		{71D97C8C-7D02-420B-B197-DBDAA3EF8B80}.Release|x86.ActiveCfg = Release|Any CPU
		{71D97C8C-7D02-420B-B197-DBDAA3EF8B80}.Release|x86.Build.0 = Release|Any CPU
	EndGlobalSection
	GlobalSection(SolutionProperties) = preSolution
		HideSolutionNode = FALSE
	EndGlobalSection
	GlobalSection(ExtensibilityGlobals) = postSolution
		SolutionGuid = {310D4848-E2DC-454A-9F69-BEB599DC5E07}
	EndGlobalSection
EndGlobal
